<?xml version="1.0" encoding="utf-8"?>
<Project ToolsVersion="4.0" xmlns="http://schemas.microsoft.com/developer/msbuild/2003">
  <ItemGroup>
    <Filter Include="Source Files">
      <UniqueIdentifier>{4FC737F1-C7A5-4376-A066-2A32D752A2FF}</UniqueIdentifier>
      <Extensions>cpp;c;cc;cxx;def;odl;idl;hpj;bat;asm;asmx</Extensions>
    </Filter>
    <Filter Include="Header Files">
      <UniqueIdentifier>{93995380-89BD-4b04-88EB-625FBE52EBFB}</UniqueIdentifier>
      <Extensions>h;hpp;hxx;hm;inl;inc;xsd</Extensions>
    </Filter>
    <Filter Include="Resource Files">
      <UniqueIdentifier>{67DA6AB6-F800-4c08-8B7A-83BB121AAD01}</UniqueIdentifier>
      <Extensions>rc;ico;cur;bmp;dlg;rc2;rct;bin;rgs;gif;jpg;jpeg;jpe;resx;tiff;tif;png;wav;mfcribbon-ms</Extensions>
    </Filter>
    <Filter Include="Source Files\Math">
      <UniqueIdentifier>{fac7aa18-2672-48f5-a529-bb9eaf0b551b}</UniqueIdentifier>
    </Filter>
    <Filter Include="Header Files\Math">
      <UniqueIdentifier>{8c94976a-a299-4bb3-9f22-37c9f6570230}</UniqueIdentifier>
    </Filter>
    <Filter Include="Header Files\AppStates">
      <UniqueIdentifier>{5a86eeba-869f-4cfc-86bf-7150f8be12c0}</UniqueIdentifier>
    </Filter>
    <Filter Include="Source Files\AppStates">
      <UniqueIdentifier>{c5a09178-f827-427e-97bb-9cdf85e63e23}</UniqueIdentifier>
    </Filter>
    <Filter Include="Header Files\AppStates\GLSimpleState">
      <UniqueIdentifier>{8265a2fb-0e55-4e8c-be53-5b2a984b90d1}</UniqueIdentifier>
    </Filter>
    <Filter Include="Source Files\AppStates\GLSimpleState">
      <UniqueIdentifier>{5cacacba-c50c-493f-a071-5a260e7926ba}</UniqueIdentifier>
    </Filter>
    <Filter Include="Header Files\DrawUtils">
      <UniqueIdentifier>{8713defd-b2f4-43cb-8cd9-da4d0ad6f420}</UniqueIdentifier>
    </Filter>
    <Filter Include="Source Files\DrawUtils">
      <UniqueIdentifier>{98839ad7-49da-4a9f-bf2c-5ad92ec4cfc9}</UniqueIdentifier>
    </Filter>
  </ItemGroup>
  <ItemGroup>
    <None Include="ReadMe.txt" />
  </ItemGroup>
  <ItemGroup>
    <ClInclude Include="stdafx.h">
      <Filter>Header Files</Filter>
    </ClInclude>
    <ClInclude Include="targetver.h">
      <Filter>Header Files</Filter>
    </ClInclude>
    <ClInclude Include="GLWindow.h">
      <Filter>Header Files</Filter>
    </ClInclude>
    <ClInclude Include="MainWindow.h">
      <Filter>Header Files</Filter>
    </ClInclude>
    <ClInclude Include="MainWindowUI.h">
      <Filter>Header Files</Filter>
    </ClInclude>
    <ClInclude Include="UtilSources\Math\Matrix4x4.h">
      <Filter>Header Files\Math</Filter>
    </ClInclude>
    <ClInclude Include="UtilSources\Math\Vector3.h">
      <Filter>Header Files\Math</Filter>
    </ClInclude>
    <ClInclude Include="UtilSources\Math\Vector4.h">
      <Filter>Header Files\Math</Filter>
    </ClInclude>
    <ClInclude Include="UtilSources\Math\Quaternion.h">
      <Filter>Header Files\Math</Filter>
    </ClInclude>
    <ClInclude Include="UtilSources\Utils\math_utils.h">
      <Filter>Header Files\Math</Filter>
    </ClInclude>
    <ClInclude Include="UtilSources\GLCamera.h">
      <Filter>Header Files</Filter>
    </ClInclude>
    <ClInclude Include="AppStates\StateManager.h">
      <Filter>Header Files\AppStates</Filter>
    </ClInclude>
    <ClInclude Include="AppStates\GLSimpleState\GLSimpleState.h">
      <Filter>Header Files\AppStates\GLSimpleState</Filter>
    </ClInclude>
    <ClInclude Include="UtilSources\DrawUtils\VariousObjects.h">
      <Filter>Header Files\DrawUtils</Filter>
    </ClInclude>
    <ClInclude Include="UtilSources\DrawUtils\gltest.h">
      <Filter>Header Files\DrawUtils</Filter>
    </ClInclude>
    <ClInclude Include="UtilSources\DrawUtils\Draw2D.h">
      <Filter>Header Files\DrawUtils</Filter>
    </ClInclude>
  </ItemGroup>
  <ItemGroup>
    <ClCompile Include="stdafx.cpp">
      <Filter>Source Files</Filter>
    </ClCompile>
    <ClCompile Include="GLWindow.cpp">
      <Filter>Source Files</Filter>
    </ClCompile>
    <ClCompile Include="MainWindow.cpp">
      <Filter>Source Files</Filter>
    </ClCompile>
    <ClCompile Include="main.cpp">
      <Filter>Source Files</Filter>
    </ClCompile>
    <ClCompile Include="MainWindowUI.cxx">
      <Filter>Source Files</Filter>
    </ClCompile>
    <ClCompile Include="UtilSources\Math\Matrix4x4.cpp">
      <Filter>Source Files\Math</Filter>
    </ClCompile>
    <ClCompile Include="UtilSources\Math\Quaternion.cpp">
      <Filter>Source Files\Math</Filter>
    </ClCompile>
    <ClCompile Include="UtilSources\Math\Vector3.cpp">
      <Filter>Source Files\Math</Filter>
    </ClCompile>
    <ClCompile Include="UtilSources\Math\Vector4.cpp">
      <Filter>Source Files\Math</Filter>
    </ClCompile>
    <ClCompile Include="UtilSources\Utils\math_utils.cpp">
      <Filter>Source Files\Math</Filter>
    </ClCompile>
    <ClCompile Include="UtilSources\GLCamera.cpp">
      <Filter>Source Files</Filter>
    </ClCompile>
    <ClCompile Include="AppStates\StateManager.cpp">
      <Filter>Source Files\AppStates</Filter>
    </ClCompile>
    <ClCompile Include="AppStates\GLSimpleState\GLSimpleState.cpp">
      <Filter>Source Files\AppStates\GLSimpleState</Filter>
    </ClCompile>
    <ClCompile Include="UtilSources\DrawUtils\Draw2D.cpp">
      <Filter>Source Files\DrawUtils</Filter>
    </ClCompile>
    <ClCompile Include="UtilSources\DrawUtils\gltest.cpp">
      <Filter>Source Files\DrawUtils</Filter>
    </ClCompile>
    <ClCompile Include="UtilSources\DrawUtils\VariousObjects.cpp">
      <Filter>Source Files\DrawUtils</Filter>
    </ClCompile>
  </ItemGroup>
</Project>